
Microsoft Visual Studio Solution File, Format Version 12.00
# Visual Studio Version 17
VisualStudioVersion = 17.6.33815.320
MinimumVisualStudioVersion = 10.0.40219.1
Project("{FAE04EC0-301F-11D3-BF4B-00C04F79EFBC}") = "List", "List\List.csproj", "{231AB122-C127-40F9-86B6-5F8F4010AFB7}"
EndProject
Project("{FAE04EC0-301F-11D3-BF4B-00C04F79EFBC}") = "LinkedList", "LinkedList\LinkedList.csproj", "{FF41A28E-290D-4623-A2F4-C4E62148A9DB}"
EndProject
Project("{FAE04EC0-301F-11D3-BF4B-00C04F79EFBC}") = "_12_LINQ", "LINQ\_12_LINQ.csproj", "{83B71DEB-8B77-4DE4-8EC0-979B9F1BB60C}"
EndProject
Project("{FAE04EC0-301F-11D3-BF4B-00C04F79EFBC}") = "_01_Operator", "Operator\_01_Operator.csproj", "{3A144A03-0CE7-4956-8317-C2C0D37C8E3B}"
EndProject
Project("{FAE04EC0-301F-11D3-BF4B-00C04F79EFBC}") = "_00_Variable", "Variable\_00_Variable.csproj", "{AC8E3692-367E-4A61-9492-B5852D0BBEA6}"
EndProject
Project("{FAE04EC0-301F-11D3-BF4B-00C04F79EFBC}") = "_02_FlowControl", "Condition\_02_FlowControl.csproj", "{27EE27E5-0D31-4A3A-85EC-71CE23CDA71A}"
EndProject
Project("{FAE04EC0-301F-11D3-BF4B-00C04F79EFBC}") = "_03_Method", "Method\_03_Method.csproj", "{56190062-4EBA-485F-A429-396C395E28C1}"
EndProject
Project("{FAE04EC0-301F-11D3-BF4B-00C04F79EFBC}") = "_04_Class", "Class\_04_Class.csproj", "{7E0CF0D1-DD45-4B0C-ACE1-484FA1FB116D}"
EndProject
Project("{FAE04EC0-301F-11D3-BF4B-00C04F79EFBC}") = "_05_Interface", "Interface\_05_Interface.csproj", "{0B292B1D-740B-4A06-8D13-00627172FEC1}"
EndProject
Project("{FAE04EC0-301F-11D3-BF4B-00C04F79EFBC}") = "_06_Property", "Property\_06_Property.csproj", "{1F9F5725-F9F7-4311-9D93-EF2D43A39550}"
EndProject
Project("{FAE04EC0-301F-11D3-BF4B-00C04F79EFBC}") = "_07_Array", "_07_Array\_07_Array.csproj", "{2213E16A-DE50-4929-A3BD-24A5F237C4D1}"
EndProject
Project("{FAE04EC0-301F-11D3-BF4B-00C04F79EFBC}") = "_08_Generalization", "_08_Generalization\_08_Generalization.csproj", "{2D8E98BE-CC28-447F-B121-19EB05E05B92}"
EndProject
Project("{FAE04EC0-301F-11D3-BF4B-00C04F79EFBC}") = "_09_Exception", "_09_Exception\_09_Exception.csproj", "{9B86EB5A-E706-4C4F-9660-0EF969AF505E}"
EndProject
Project("{FAE04EC0-301F-11D3-BF4B-00C04F79EFBC}") = "_10_Delegator", "_10_Delegator\_10_Delegator.csproj", "{FE016D88-B87A-4857-A68C-FE12F6F80824}"
EndProject
Project("{FAE04EC0-301F-11D3-BF4B-00C04F79EFBC}") = "_11_Lambda", "_11_Lambda\_11_Lambda.csproj", "{10ACBAE3-7FC9-4ADB-94A1-5C110D00D3DA}"
EndProject
Project("{FAE04EC0-301F-11D3-BF4B-00C04F79EFBC}") = "_13_Reflection", "_13_Reflection\_13_Reflection.csproj", "{4BF28BEE-009C-47CF-99ED-B64496E5C7BC}"
EndProject
Global
	GlobalSection(SolutionConfigurationPlatforms) = preSolution
		Debug|Any CPU = Debug|Any CPU
		Release|Any CPU = Release|Any CPU
	EndGlobalSection
	GlobalSection(ProjectConfigurationPlatforms) = postSolution
		{231AB122-C127-40F9-86B6-5F8F4010AFB7}.Debug|Any CPU.ActiveCfg = Debug|Any CPU
		{231AB122-C127-40F9-86B6-5F8F4010AFB7}.Debug|Any CPU.Build.0 = Debug|Any CPU
		{231AB122-C127-40F9-86B6-5F8F4010AFB7}.Release|Any CPU.ActiveCfg = Release|Any CPU
		{231AB122-C127-40F9-86B6-5F8F4010AFB7}.Release|Any CPU.Build.0 = Release|Any CPU
		{FF41A28E-290D-4623-A2F4-C4E62148A9DB}.Debug|Any CPU.ActiveCfg = Debug|Any CPU
		{FF41A28E-290D-4623-A2F4-C4E62148A9DB}.Debug|Any CPU.Build.0 = Debug|Any CPU
		{FF41A28E-290D-4623-A2F4-C4E62148A9DB}.Release|Any CPU.ActiveCfg = Release|Any CPU
		{FF41A28E-290D-4623-A2F4-C4E62148A9DB}.Release|Any CPU.Build.0 = Release|Any CPU
		{83B71DEB-8B77-4DE4-8EC0-979B9F1BB60C}.Debug|Any CPU.ActiveCfg = Debug|Any CPU
		{83B71DEB-8B77-4DE4-8EC0-979B9F1BB60C}.Debug|Any CPU.Build.0 = Debug|Any CPU
		{83B71DEB-8B77-4DE4-8EC0-979B9F1BB60C}.Release|Any CPU.ActiveCfg = Release|Any CPU
		{83B71DEB-8B77-4DE4-8EC0-979B9F1BB60C}.Release|Any CPU.Build.0 = Release|Any CPU
		{3A144A03-0CE7-4956-8317-C2C0D37C8E3B}.Debug|Any CPU.ActiveCfg = Debug|Any CPU
		{3A144A03-0CE7-4956-8317-C2C0D37C8E3B}.Debug|Any CPU.Build.0 = Debug|Any CPU
		{3A144A03-0CE7-4956-8317-C2C0D37C8E3B}.Release|Any CPU.ActiveCfg = Release|Any CPU
		{3A144A03-0CE7-4956-8317-C2C0D37C8E3B}.Release|Any CPU.Build.0 = Release|Any CPU
		{AC8E3692-367E-4A61-9492-B5852D0BBEA6}.Debug|Any CPU.ActiveCfg = Debug|Any CPU
		{AC8E3692-367E-4A61-9492-B5852D0BBEA6}.Debug|Any CPU.Build.0 = Debug|Any CPU
		{AC8E3692-367E-4A61-9492-B5852D0BBEA6}.Release|Any CPU.ActiveCfg = Release|Any CPU
		{AC8E3692-367E-4A61-9492-B5852D0BBEA6}.Release|Any CPU.Build.0 = Release|Any CPU
		{27EE27E5-0D31-4A3A-85EC-71CE23CDA71A}.Debug|Any CPU.ActiveCfg = Debug|Any CPU
		{27EE27E5-0D31-4A3A-85EC-71CE23CDA71A}.Debug|Any CPU.Build.0 = Debug|Any CPU
		{27EE27E5-0D31-4A3A-85EC-71CE23CDA71A}.Release|Any CPU.ActiveCfg = Release|Any CPU
		{27EE27E5-0D31-4A3A-85EC-71CE23CDA71A}.Release|Any CPU.Build.0 = Release|Any CPU
		{56190062-4EBA-485F-A429-396C395E28C1}.Debug|Any CPU.ActiveCfg = Debug|Any CPU
		{56190062-4EBA-485F-A429-396C395E28C1}.Debug|Any CPU.Build.0 = Debug|Any CPU
		{56190062-4EBA-485F-A429-396C395E28C1}.Release|Any CPU.ActiveCfg = Release|Any CPU
		{56190062-4EBA-485F-A429-396C395E28C1}.Release|Any CPU.Build.0 = Release|Any CPU
		{7E0CF0D1-DD45-4B0C-ACE1-484FA1FB116D}.Debug|Any CPU.ActiveCfg = Debug|Any CPU
		{7E0CF0D1-DD45-4B0C-ACE1-484FA1FB116D}.Debug|Any CPU.Build.0 = Debug|Any CPU
		{7E0CF0D1-DD45-4B0C-ACE1-484FA1FB116D}.Release|Any CPU.ActiveCfg = Release|Any CPU
		{7E0CF0D1-DD45-4B0C-ACE1-484FA1FB116D}.Release|Any CPU.Build.0 = Release|Any CPU
		{0B292B1D-740B-4A06-8D13-00627172FEC1}.Debug|Any CPU.ActiveCfg = Debug|Any CPU
		{0B292B1D-740B-4A06-8D13-00627172FEC1}.Debug|Any CPU.Build.0 = Debug|Any CPU
		{0B292B1D-740B-4A06-8D13-00627172FEC1}.Release|Any CPU.ActiveCfg = Release|Any CPU
		{0B292B1D-740B-4A06-8D13-00627172FEC1}.Release|Any CPU.Build.0 = Release|Any CPU
		{1F9F5725-F9F7-4311-9D93-EF2D43A39550}.Debug|Any CPU.ActiveCfg = Debug|Any CPU
		{1F9F5725-F9F7-4311-9D93-EF2D43A39550}.Debug|Any CPU.Build.0 = Debug|Any CPU
		{1F9F5725-F9F7-4311-9D93-EF2D43A39550}.Release|Any CPU.ActiveCfg = Release|Any CPU
		{1F9F5725-F9F7-4311-9D93-EF2D43A39550}.Release|Any CPU.Build.0 = Release|Any CPU
		{2213E16A-DE50-4929-A3BD-24A5F237C4D1}.Debug|Any CPU.ActiveCfg = Debug|Any CPU
		{2213E16A-DE50-4929-A3BD-24A5F237C4D1}.Debug|Any CPU.Build.0 = Debug|Any CPU
		{2213E16A-DE50-4929-A3BD-24A5F237C4D1}.Release|Any CPU.ActiveCfg = Release|Any CPU
		{2213E16A-DE50-4929-A3BD-24A5F237C4D1}.Release|Any CPU.Build.0 = Release|Any CPU
		{2D8E98BE-CC28-447F-B121-19EB05E05B92}.Debug|Any CPU.ActiveCfg = Debug|Any CPU
		{2D8E98BE-CC28-447F-B121-19EB05E05B92}.Debug|Any CPU.Build.0 = Debug|Any CPU
		{2D8E98BE-CC28-447F-B121-19EB05E05B92}.Release|Any CPU.ActiveCfg = Release|Any CPU
		{2D8E98BE-CC28-447F-B121-19EB05E05B92}.Release|Any CPU.Build.0 = Release|Any CPU
		{9B86EB5A-E706-4C4F-9660-0EF969AF505E}.Debug|Any CPU.ActiveCfg = Debug|Any CPU
		{9B86EB5A-E706-4C4F-9660-0EF969AF505E}.Debug|Any CPU.Build.0 = Debug|Any CPU
		{9B86EB5A-E706-4C4F-9660-0EF969AF505E}.Release|Any CPU.ActiveCfg = Release|Any CPU
		{9B86EB5A-E706-4C4F-9660-0EF969AF505E}.Release|Any CPU.Build.0 = Release|Any CPU
		{FE016D88-B87A-4857-A68C-FE12F6F80824}.Debug|Any CPU.ActiveCfg = Debug|Any CPU
		{FE016D88-B87A-4857-A68C-FE12F6F80824}.Debug|Any CPU.Build.0 = Debug|Any CPU
		{FE016D88-B87A-4857-A68C-FE12F6F80824}.Release|Any CPU.ActiveCfg = Release|Any CPU
		{FE016D88-B87A-4857-A68C-FE12F6F80824}.Release|Any CPU.Build.0 = Release|Any CPU
		{10ACBAE3-7FC9-4ADB-94A1-5C110D00D3DA}.Debug|Any CPU.ActiveCfg = Debug|Any CPU
		{10ACBAE3-7FC9-4ADB-94A1-5C110D00D3DA}.Debug|Any CPU.Build.0 = Debug|Any CPU
		{10ACBAE3-7FC9-4ADB-94A1-5C110D00D3DA}.Release|Any CPU.ActiveCfg = Release|Any CPU
		{10ACBAE3-7FC9-4ADB-94A1-5C110D00D3DA}.Release|Any CPU.Build.0 = Release|Any CPU
		{4BF28BEE-009C-47CF-99ED-B64496E5C7BC}.Debug|Any CPU.ActiveCfg = Debug|Any CPU
		{4BF28BEE-009C-47CF-99ED-B64496E5C7BC}.Debug|Any CPU.Build.0 = Debug|Any CPU
		{4BF28BEE-009C-47CF-99ED-B64496E5C7BC}.Release|Any CPU.ActiveCfg = Release|Any CPU
		{4BF28BEE-009C-47CF-99ED-B64496E5C7BC}.Release|Any CPU.Build.0 = Release|Any CPU
	EndGlobalSection
	GlobalSection(SolutionProperties) = preSolution
		HideSolutionNode = FALSE
	EndGlobalSection
	GlobalSection(ExtensibilityGlobals) = postSolution
		SolutionGuid = {46613345-EEFD-4E2B-A4DF-069F55862D62}
	EndGlobalSection
EndGlobal
